
Microsoft Visual Studio Solution File, Format Version 12.00
# Visual Studio Version 17
VisualStudioVersion = 17.5.33424.131
MinimumVisualStudioVersion = 10.0.40219.1
Project("{9A19103F-16F7-4668-BE54-9A1E7A4F7556}") = "WpfPoc", "WpfPoc\WpfPoc.csproj", "{BA7F1302-704C-4CBF-8440-363990994A3F}"
EndProject
Project("{9A19103F-16F7-4668-BE54-9A1E7A4F7556}") = "MudSample", "MudSample\MudSample.csproj", "{6A595D2B-3047-4014-915F-E20595558430}"
EndProject
Project("{9A19103F-16F7-4668-BE54-9A1E7A4F7556}") = "BlazorApp", "BlazorApp\BlazorApp.csproj", "{993D9926-4803-4992-96B8-480FE8E3508D}"
EndProject
Project("{9A19103F-16F7-4668-BE54-9A1E7A4F7556}") = "PocApi", "PocApi\PocApi.csproj", "{FCAC96DA-92D0-42B8-97D8-81A10BD8878D}"
EndProject
Project("{9A19103F-16F7-4668-BE54-9A1E7A4F7556}") = "EPX.RuleBox", "EPX.RuleBox\EPX.RuleBox.csproj", "{D9E3163E-7DCF-4F58-A66A-D3768FDAEEFE}"
EndProject
Project("{9A19103F-16F7-4668-BE54-9A1E7A4F7556}") = "MParser", "MParser\MParser.csproj", "{6637FEEF-0064-4B66-A59B-45C276B81E06}"
EndProject
Project("{9A19103F-16F7-4668-BE54-9A1E7A4F7556}") = "AppWithPlugin", "AppWithPlugin\AppWithPlugin.csproj", "{4DEE19EE-DD89-4C17-8EEA-F82B47D7CE22}"
EndProject
Project("{9A19103F-16F7-4668-BE54-9A1E7A4F7556}") = "PluginBase", "PluginBase\PluginBase.csproj", "{4F7ABCD8-5CE9-4CF2-80C1-5031AB85E550}"
EndProject
Project("{2150E333-8FDC-42A3-9474-1A3956D46DE8}") = "Plugin", "Plugin", "{2735B295-D0DD-4741-8E82-65AF52CCD0D1}"
EndProject
Project("{9A19103F-16F7-4668-BE54-9A1E7A4F7556}") = "HelloPlugin", "HelloPlugin\HelloPlugin.csproj", "{B25A833E-69E0-47F5-B0AF-98F12090238F}"
EndProject
Project("{FAE04EC0-301F-11D3-BF4B-00C04F79EFBC}") = "ExpParser2", "ExpParser2\ExpParser2.csproj", "{5E7DA384-684D-4C08-AE4F-955714110589}"
EndProject
Global
	GlobalSection(SolutionConfigurationPlatforms) = preSolution
		Debug|Any CPU = Debug|Any CPU
		Release|Any CPU = Release|Any CPU
	EndGlobalSection
	GlobalSection(ProjectConfigurationPlatforms) = postSolution
		{BA7F1302-704C-4CBF-8440-363990994A3F}.Debug|Any CPU.ActiveCfg = Debug|Any CPU
		{BA7F1302-704C-4CBF-8440-363990994A3F}.Debug|Any CPU.Build.0 = Debug|Any CPU
		{BA7F1302-704C-4CBF-8440-363990994A3F}.Release|Any CPU.ActiveCfg = Release|Any CPU
		{BA7F1302-704C-4CBF-8440-363990994A3F}.Release|Any CPU.Build.0 = Release|Any CPU
		{6A595D2B-3047-4014-915F-E20595558430}.Debug|Any CPU.ActiveCfg = Debug|Any CPU
		{6A595D2B-3047-4014-915F-E20595558430}.Debug|Any CPU.Build.0 = Debug|Any CPU
		{6A595D2B-3047-4014-915F-E20595558430}.Release|Any CPU.ActiveCfg = Release|Any CPU
		{6A595D2B-3047-4014-915F-E20595558430}.Release|Any CPU.Build.0 = Release|Any CPU
		{993D9926-4803-4992-96B8-480FE8E3508D}.Debug|Any CPU.ActiveCfg = Debug|Any CPU
		{993D9926-4803-4992-96B8-480FE8E3508D}.Debug|Any CPU.Build.0 = Debug|Any CPU
		{993D9926-4803-4992-96B8-480FE8E3508D}.Release|Any CPU.ActiveCfg = Release|Any CPU
		{993D9926-4803-4992-96B8-480FE8E3508D}.Release|Any CPU.Build.0 = Release|Any CPU
		{FCAC96DA-92D0-42B8-97D8-81A10BD8878D}.Debug|Any CPU.ActiveCfg = Debug|Any CPU
		{FCAC96DA-92D0-42B8-97D8-81A10BD8878D}.Debug|Any CPU.Build.0 = Debug|Any CPU
		{FCAC96DA-92D0-42B8-97D8-81A10BD8878D}.Release|Any CPU.ActiveCfg = Release|Any CPU
		{FCAC96DA-92D0-42B8-97D8-81A10BD8878D}.Release|Any CPU.Build.0 = Release|Any CPU
		{D9E3163E-7DCF-4F58-A66A-D3768FDAEEFE}.Debug|Any CPU.ActiveCfg = Debug|Any CPU
		{D9E3163E-7DCF-4F58-A66A-D3768FDAEEFE}.Debug|Any CPU.Build.0 = Debug|Any CPU
		{D9E3163E-7DCF-4F58-A66A-D3768FDAEEFE}.Release|Any CPU.ActiveCfg = Release|Any CPU
		{D9E3163E-7DCF-4F58-A66A-D3768FDAEEFE}.Release|Any CPU.Build.0 = Release|Any CPU
		{6637FEEF-0064-4B66-A59B-45C276B81E06}.Debug|Any CPU.ActiveCfg = Debug|Any CPU
		{6637FEEF-0064-4B66-A59B-45C276B81E06}.Debug|Any CPU.Build.0 = Debug|Any CPU
		{6637FEEF-0064-4B66-A59B-45C276B81E06}.Release|Any CPU.ActiveCfg = Release|Any CPU
		{6637FEEF-0064-4B66-A59B-45C276B81E06}.Release|Any CPU.Build.0 = Release|Any CPU
		{4DEE19EE-DD89-4C17-8EEA-F82B47D7CE22}.Debug|Any CPU.ActiveCfg = Debug|Any CPU
		{4DEE19EE-DD89-4C17-8EEA-F82B47D7CE22}.Debug|Any CPU.Build.0 = Debug|Any CPU
		{4DEE19EE-DD89-4C17-8EEA-F82B47D7CE22}.Release|Any CPU.ActiveCfg = Release|Any CPU
		{4DEE19EE-DD89-4C17-8EEA-F82B47D7CE22}.Release|Any CPU.Build.0 = Release|Any CPU
		{4F7ABCD8-5CE9-4CF2-80C1-5031AB85E550}.Debug|Any CPU.ActiveCfg = Debug|Any CPU
		{4F7ABCD8-5CE9-4CF2-80C1-5031AB85E550}.Debug|Any CPU.Build.0 = Debug|Any CPU
		{4F7ABCD8-5CE9-4CF2-80C1-5031AB85E550}.Release|Any CPU.ActiveCfg = Release|Any CPU
		{4F7ABCD8-5CE9-4CF2-80C1-5031AB85E550}.Release|Any CPU.Build.0 = Release|Any CPU
		{B25A833E-69E0-47F5-B0AF-98F12090238F}.Debug|Any CPU.ActiveCfg = Debug|Any CPU
		{B25A833E-69E0-47F5-B0AF-98F12090238F}.Debug|Any CPU.Build.0 = Debug|Any CPU
		{B25A833E-69E0-47F5-B0AF-98F12090238F}.Release|Any CPU.ActiveCfg = Release|Any CPU
		{B25A833E-69E0-47F5-B0AF-98F12090238F}.Release|Any CPU.Build.0 = Release|Any CPU
		{5E7DA384-684D-4C08-AE4F-955714110589}.Debug|Any CPU.ActiveCfg = Debug|Any CPU
		{5E7DA384-684D-4C08-AE4F-955714110589}.Debug|Any CPU.Build.0 = Debug|Any CPU
		{5E7DA384-684D-4C08-AE4F-955714110589}.Release|Any CPU.ActiveCfg = Release|Any CPU
		{5E7DA384-684D-4C08-AE4F-955714110589}.Release|Any CPU.Build.0 = Release|Any CPU
	EndGlobalSection
	GlobalSection(SolutionProperties) = preSolution
		HideSolutionNode = FALSE
	EndGlobalSection
	GlobalSection(NestedProjects) = preSolution
		{4DEE19EE-DD89-4C17-8EEA-F82B47D7CE22} = {2735B295-D0DD-4741-8E82-65AF52CCD0D1}
		{4F7ABCD8-5CE9-4CF2-80C1-5031AB85E550} = {2735B295-D0DD-4741-8E82-65AF52CCD0D1}
		{B25A833E-69E0-47F5-B0AF-98F12090238F} = {2735B295-D0DD-4741-8E82-65AF52CCD0D1}
	EndGlobalSection
	GlobalSection(ExtensibilityGlobals) = postSolution
		SolutionGuid = {19B3DCEC-3418-4178-B087-ECCF41749281}
	EndGlobalSection
EndGlobal
